{
  "nodes": {
    "developmentShell": {
      "inputs": {
        "nixpkgs": [
          "nixosUnstable"
        ]
      },
      "locked": {
        "lastModified": 1741473158,
        "narHash": "sha256-kWNaq6wQUbUMlPgw8Y+9/9wP0F8SHkjy24/mN3UAppg=",
        "owner": "numtide",
        "repo": "devshell",
        "rev": "7c9e793ebe66bcba8292989a68c0419b737a22a0",
        "type": "github"
      },
      "original": {
        "owner": "numtide",
        "repo": "devshell",
        "type": "github"
      }
    },
    "flakeCompat": {
      "flake": false,
      "locked": {
        "lastModified": 1733328505,
        "narHash": "sha256-NeCCThCEP3eCl2l/+27kNNK7QrwZB1IJCrXfrbv5oqU=",
        "owner": "edolstra",
        "repo": "flake-compat",
        "rev": "ff81ac966bb2cae68946d5ed5fc4994f96d0ffec",
        "type": "github"
      },
      "original": {
        "owner": "edolstra",
        "repo": "flake-compat",
        "type": "github"
      }
    },
    "flakeParts": {
      "inputs": {
        "nixpkgs-lib": [
          "nixLib"
        ]
      },
      "locked": {
        "lastModified": 1741352980,
        "narHash": "sha256-+u2UunDA4Cl5Fci3m7S643HzKmIDAe+fiXrLqYsR2fs=",
        "owner": "hercules-ci",
        "repo": "flake-parts",
        "rev": "f4330d22f1c5d2ba72d3d22df5597d123fdb60a9",
        "type": "github"
      },
      "original": {
        "owner": "hercules-ci",
        "repo": "flake-parts",
        "type": "github"
      }
    },
    "flakeRoot": {
      "locked": {
        "lastModified": 1723604017,
        "narHash": "sha256-rBtQ8gg+Dn4Sx/s+pvjdq3CB2wQNzx9XGFq/JVGCB6k=",
        "owner": "srid",
        "repo": "flake-root",
        "rev": "b759a56851e10cb13f6b8e5698af7b59c44be26e",
        "type": "github"
      },
      "original": {
        "owner": "srid",
        "repo": "flake-root",
        "type": "github"
      }
    },
    "gitHooks": {
      "inputs": {
        "flake-compat": [
          "flakeCompat"
        ],
        "gitignore": [
          "gitIgnore"
        ],
        "nixpkgs": [
          "nixosUnstable"
        ]
      },
      "locked": {
        "lastModified": 1742649964,
        "narHash": "sha256-DwOTp7nvfi8mRfuL1escHDXabVXFGT1VlPD1JHrtrco=",
        "owner": "cachix",
        "repo": "git-hooks.nix",
        "rev": "dcf5072734cb576d2b0c59b2ac44f5050b5eac82",
        "type": "github"
      },
      "original": {
        "owner": "cachix",
        "repo": "git-hooks.nix",
        "type": "github"
      }
    },
    "gitIgnore": {
      "inputs": {
        "nixpkgs": [
          "nixosUnstable"
        ]
      },
      "locked": {
        "lastModified": 1709087332,
        "narHash": "sha256-HG2cCnktfHsKV0s4XW83gU3F57gaTljL9KNSuG6bnQs=",
        "owner": "hercules-ci",
        "repo": "gitignore.nix",
        "rev": "637db329424fd7e46cf4185293b9cc8c88c95394",
        "type": "github"
      },
      "original": {
        "owner": "hercules-ci",
        "repo": "gitignore.nix",
        "type": "github"
      }
    },
    "githubActions": {
      "inputs": {
        "nixpkgs": [
          "nixosUnstable"
        ]
      },
      "locked": {
        "lastModified": 1737420293,
        "narHash": "sha256-F1G5ifvqTpJq7fdkT34e/Jy9VCyzd5XfJ9TO8fHhJWE=",
        "owner": "nix-community",
        "repo": "nix-github-actions",
        "rev": "f4158fa080ef4503c8f4c820967d946c2af31ec9",
        "type": "github"
      },
      "original": {
        "owner": "nix-community",
        "repo": "nix-github-actions",
        "type": "github"
      }
    },
    "nixLib": {
      "locked": {
        "lastModified": 1742692082,
        "narHash": "sha256-s3XOULQj7BVO7myY5V4Sob0tRZ7nRpwEOIzXg/MkD/Q=",
        "owner": "nix-community",
        "repo": "nixpkgs.lib",
        "rev": "a09310bc940f245e51b1ffea68731244ca38f2bd",
        "type": "github"
      },
      "original": {
        "owner": "nix-community",
        "repo": "nixpkgs.lib",
        "type": "github"
      }
    },
    "nixUnitTesting": {
      "inputs": {
        "flake-parts": [
          "flakeParts"
        ],
        "nix-github-actions": [
          "githubActions"
        ],
        "nixpkgs": [
          "nixosUnstable"
        ],
        "treefmt-nix": [
          "treeFormatter"
        ]
      },
      "locked": {
        "lastModified": 1741624954,
        "narHash": "sha256-VjLS010BEfwuK343Dst08NnQNS8SRtVCDkz1zTsHuvI=",
        "owner": "nix-community",
        "repo": "nix-unit",
        "rev": "e9d81f6cffe67681e7c04a967d29f18c2c540af5",
        "type": "github"
      },
      "original": {
        "owner": "nix-community",
        "repo": "nix-unit",
        "type": "github"
      }
    },
    "nixosConfig": {
      "inputs": {
        "flake-parts": [
          "flakeParts"
        ],
        "nixpkgs": [
          "nixosUnstable"
        ]
      },
      "locked": {
        "lastModified": 1737976685,
        "narHash": "sha256-YGDoq5mHjaUiv79oICntM3nybdzvvBRZGe5cZ6kY73w=",
        "owner": "ehllie",
        "repo": "ez-configs",
        "rev": "84cce474cc25b451e77fc05a1a3d32c47706ea3a",
        "type": "github"
      },
      "original": {
        "owner": "ehllie",
        "repo": "ez-configs",
        "type": "github"
      }
    },
    "nixosDarwin": {
      "inputs": {
        "nixpkgs": [
          "nixosUnstable"
        ]
      },
      "locked": {
        "lastModified": 1742869675,
        "narHash": "sha256-rgwUZJZVztaNYPTsf6MIqirPL5r2JTMMyHuzk1ezyYk=",
        "owner": "lnl7",
        "repo": "nix-darwin",
        "rev": "bb81755a3674951724d79b8cba6bbff01409d44d",
        "type": "github"
      },
      "original": {
        "owner": "lnl7",
        "repo": "nix-darwin",
        "type": "github"
      }
    },
    "nixosHardware": {
      "locked": {
        "lastModified": 1742806253,
        "narHash": "sha256-zvQ4GsCJT6MTOzPKLmlFyM+lxo0JGQ0cSFaZSACmWfY=",
        "owner": "NixOS",
        "repo": "nixos-hardware",
        "rev": "ecaa2d911e77c265c2a5bac8b583c40b0f151726",
        "type": "github"
      },
      "original": {
        "owner": "NixOS",
        "repo": "nixos-hardware",
        "type": "github"
      }
    },
    "nixosHome": {
      "inputs": {
        "nixpkgs": [
          "nixosUnstable"
        ]
      },
      "locked": {
        "lastModified": 1742957044,
        "narHash": "sha256-gwW0tBIA77g6qq45y220drTy0DmThF3fJMwVFUtYV9c=",
        "owner": "nix-community",
        "repo": "home-manager",
        "rev": "ce287a5cd3ef78203bc78021447f937a988d9f6f",
        "type": "github"
      },
      "original": {
        "owner": "nix-community",
        "repo": "home-manager",
        "type": "github"
      }
    },
    "nixosHost": {
      "locked": {
        "lastModified": 1742736765,
        "narHash": "sha256-840idRti6HSFsTywPkku4ak8KtwiPw+XiFFRdaT4CWk=",
        "owner": "tgirlcloud",
        "repo": "easy-hosts",
        "rev": "7acbedf9c7e5ee1981647d0917dee3c8db52ccb5",
        "type": "github"
      },
      "original": {
        "owner": "tgirlcloud",
        "repo": "easy-hosts",
        "type": "github"
      }
    },
    "nixosStable": {
      "locked": {
        "lastModified": 1742751704,
        "narHash": "sha256-rBfc+H1dDBUQ2mgVITMGBPI1PGuCznf9rcWX/XIULyE=",
        "owner": "NixOS",
        "repo": "nixpkgs",
        "rev": "f0946fa5f1fb876a9dc2e1850d9d3a4e3f914092",
        "type": "github"
      },
      "original": {
        "owner": "NixOS",
        "ref": "nixos-24.11",
        "repo": "nixpkgs",
        "type": "github"
      }
    },
    "nixosSystems": {
      "locked": {
        "lastModified": 1681028828,
        "narHash": "sha256-Vy1rq5AaRuLzOxct8nz4T6wlgyUR7zLU309k9mBC768=",
        "owner": "nix-systems",
        "repo": "default",
        "rev": "da67096a3b9bf56a91d16901293e51ba5b49a27e",
        "type": "github"
      },
      "original": {
        "owner": "nix-systems",
        "repo": "default",
        "type": "github"
      }
    },
    "nixosUnstable": {
      "locked": {
        "lastModified": 1742669843,
        "narHash": "sha256-G5n+FOXLXcRx+3hCJ6Rt6ZQyF1zqQ0DL0sWAMn2Nk0w=",
        "owner": "NixOS",
        "repo": "nixpkgs",
        "rev": "1e5b653dff12029333a6546c11e108ede13052eb",
        "type": "github"
      },
      "original": {
        "owner": "NixOS",
        "ref": "nixos-unstable",
        "repo": "nixpkgs",
        "type": "github"
      }
    },
    "nixosWSL": {
      "inputs": {
        "flake-compat": [
          "flakeCompat"
        ],
        "nixpkgs": [
          "nixosUnstable"
        ]
      },
      "locked": {
        "lastModified": 1742481215,
        "narHash": "sha256-m7I/2UaGEFOI+Cy0RoADBi10NZt1WD5N3q2jUwPprE4=",
        "owner": "nix-community",
        "repo": "NixOS-WSL",
        "rev": "96d7df91cce0d7cd30d1958fe1aefcb5f9bfced7",
        "type": "github"
      },
      "original": {
        "owner": "nix-community",
        "repo": "NixOS-WSL",
        "type": "github"
      }
    },
    "root": {
      "inputs": {
        "developmentShell": "developmentShell",
        "flakeCompat": "flakeCompat",
        "flakeParts": "flakeParts",
        "flakeRoot": "flakeRoot",
        "gitHooks": "gitHooks",
        "gitIgnore": "gitIgnore",
        "githubActions": "githubActions",
        "nixLib": "nixLib",
        "nixUnitTesting": "nixUnitTesting",
        "nixosConfig": "nixosConfig",
        "nixosDarwin": "nixosDarwin",
        "nixosHardware": "nixosHardware",
        "nixosHome": "nixosHome",
        "nixosHost": "nixosHost",
        "nixosStable": "nixosStable",
        "nixosSystems": "nixosSystems",
        "nixosUnstable": "nixosUnstable",
        "nixosWSL": "nixosWSL",
        "secretKey": "secretKey",
        "secretManager": "secretManager",
        "secretShell": "secretShell",
        "templatesNixOS": "templatesNixOS",
        "templatesTheNixWay": "templatesTheNixWay",
        "treeFormatter": "treeFormatter"
      }
    },
    "secretKey": {
      "inputs": {
        "devshell": [
          "developmentShell"
        ],
        "flake-parts": [
          "flakeParts"
        ],
        "nixpkgs": [
          "nixosUnstable"
        ],
        "pre-commit-hooks": [
          "gitHooks"
        ],
        "treefmt-nix": [
          "treeFormatter"
        ]
      },
      "locked": {
        "lastModified": 1742656338,
        "narHash": "sha256-Vkg5dyXKwoAfEVlKPxbCbdTCF9sXmTySZBSL28Kcdmo=",
        "owner": "oddlama",
        "repo": "agenix-rekey",
        "rev": "b677dbe0d675c68a19dedbc771aff22de76b11ea",
        "type": "github"
      },
      "original": {
        "owner": "oddlama",
        "repo": "agenix-rekey",
        "type": "github"
      }
    },
    "secretManager": {
      "inputs": {
        "darwin": [
          "nixosDarwin"
        ],
        "home-manager": [
          "nixosHome"
        ],
        "nixpkgs": [
          "nixosUnstable"
        ],
        "systems": [
          "nixosSystems"
        ]
      },
      "locked": {
        "lastModified": 1736955230,
        "narHash": "sha256-uenf8fv2eG5bKM8C/UvFaiJMZ4IpUFaQxk9OH5t/1gA=",
        "owner": "ryantm",
        "repo": "agenix",
        "rev": "e600439ec4c273cf11e06fe4d9d906fb98fa097c",
        "type": "github"
      },
      "original": {
        "owner": "ryantm",
        "repo": "agenix",
        "type": "github"
      }
    },
    "secretShell": {
      "inputs": {
        "flake-parts": [
          "flakeParts"
        ],
        "flake-root": [
          "flakeRoot"
        ],
        "git-hooks-nix": [
          "gitHooks"
        ],
        "nix-github-actions": [
          "githubActions"
        ],
        "nixpkgs": [
          "nixosUnstable"
        ],
        "treefmt-nix": [
          "treeFormatter"
        ]
      },
      "locked": {
        "lastModified": 1742915571,
        "narHash": "sha256-Kg2MSJ+SeW/lerEuJAbFRs9NsA9l4kYzbmulXvpoedo=",
        "owner": "aciceri",
        "repo": "agenix-shell",
        "rev": "1b9373c105f6928be81858e97eb9754283dd574e",
        "type": "github"
      },
      "original": {
        "owner": "aciceri",
        "repo": "agenix-shell",
        "type": "github"
      }
    },
    "templatesNixOS": {
      "locked": {
        "lastModified": 1725249436,
        "narHash": "sha256-qqKaxlPv+6Fyj+NUuOLPOlD82caqDkmpw63qOQkIzzc=",
        "owner": "NixOS",
        "repo": "templates",
        "rev": "ad0e221dda33c4b564fad976281130ce34a20cb9",
        "type": "github"
      },
      "original": {
        "owner": "NixOS",
        "repo": "templates",
        "type": "github"
      }
    },
    "templatesTheNixWay": {
      "inputs": {
        "nixpkgs": [
          "nixosUnstable"
        ]
      },
      "locked": {
        "lastModified": 1740648445,
        "narHash": "sha256-jmtCIKpHYlGEzJ1xQWEjpSAPk0uGrGi7kjC/oTiP+HU=",
        "owner": "the-nix-way",
        "repo": "dev-templates",
        "rev": "54c112d5640d910ac7d5bc4ab30b3ef06ba6b5b0",
        "type": "github"
      },
      "original": {
        "owner": "the-nix-way",
        "repo": "dev-templates",
        "type": "github"
      }
    },
    "treeFormatter": {
      "inputs": {
        "nixpkgs": [
          "nixosUnstable"
        ]
      },
      "locked": {
        "lastModified": 1742370146,
        "narHash": "sha256-XRE8hL4vKIQyVMDXykFh4ceo3KSpuJF3ts8GKwh5bIU=",
        "owner": "numtide",
        "repo": "treefmt-nix",
        "rev": "adc195eef5da3606891cedf80c0d9ce2d3190808",
        "type": "github"
      },
      "original": {
        "owner": "numtide",
        "repo": "treefmt-nix",
        "type": "github"
      }
    }
  },
  "root": "root",
  "version": 7
}
