{
  "nodes": {
    "configHosts": {
      "locked": {
        "lastModified": 1742736765,
        "narHash": "sha256-840idRti6HSFsTywPkku4ak8KtwiPw+XiFFRdaT4CWk=",
        "owner": "tgirlcloud",
        "repo": "easy-hosts",
        "rev": "7acbedf9c7e5ee1981647d0917dee3c8db52ccb5",
        "type": "github"
      },
      "original": {
        "owner": "tgirlcloud",
        "repo": "easy-hosts",
        "type": "github"
      }
    },
    "configNixos": {
      "inputs": {
        "flake-parts": [
          "flakeParts"
        ],
        "nixpkgs": [
          "nixPackages"
        ]
      },
      "locked": {
        "lastModified": 1737976685,
        "narHash": "sha256-YGDoq5mHjaUiv79oICntM3nybdzvvBRZGe5cZ6kY73w=",
        "owner": "ehllie",
        "repo": "ez-configs",
        "rev": "84cce474cc25b451e77fc05a1a3d32c47706ea3a",
        "type": "github"
      },
      "original": {
        "owner": "ehllie",
        "repo": "ez-configs",
        "type": "github"
      }
    },
    "developmentShell": {
      "inputs": {
        "nixpkgs": [
          "nixPackages"
        ]
      },
      "locked": {
        "lastModified": 1741473158,
        "narHash": "sha256-kWNaq6wQUbUMlPgw8Y+9/9wP0F8SHkjy24/mN3UAppg=",
        "owner": "numtide",
        "repo": "devshell",
        "rev": "7c9e793ebe66bcba8292989a68c0419b737a22a0",
        "type": "github"
      },
      "original": {
        "owner": "numtide",
        "repo": "devshell",
        "type": "github"
      }
    },
    "flakeCompat": {
      "flake": false,
      "locked": {
        "lastModified": 1733328505,
        "narHash": "sha256-NeCCThCEP3eCl2l/+27kNNK7QrwZB1IJCrXfrbv5oqU=",
        "owner": "edolstra",
        "repo": "flake-compat",
        "rev": "ff81ac966bb2cae68946d5ed5fc4994f96d0ffec",
        "type": "github"
      },
      "original": {
        "owner": "edolstra",
        "repo": "flake-compat",
        "type": "github"
      }
    },
    "flakeParts": {
      "inputs": {
        "nixpkgs-lib": [
          "nixLib"
        ]
      },
      "locked": {
        "lastModified": 1741352980,
        "narHash": "sha256-+u2UunDA4Cl5Fci3m7S643HzKmIDAe+fiXrLqYsR2fs=",
        "owner": "hercules-ci",
        "repo": "flake-parts",
        "rev": "f4330d22f1c5d2ba72d3d22df5597d123fdb60a9",
        "type": "github"
      },
      "original": {
        "owner": "hercules-ci",
        "repo": "flake-parts",
        "type": "github"
      }
    },
    "flakeRoot": {
      "locked": {
        "lastModified": 1723604017,
        "narHash": "sha256-rBtQ8gg+Dn4Sx/s+pvjdq3CB2wQNzx9XGFq/JVGCB6k=",
        "owner": "srid",
        "repo": "flake-root",
        "rev": "b759a56851e10cb13f6b8e5698af7b59c44be26e",
        "type": "github"
      },
      "original": {
        "owner": "srid",
        "repo": "flake-root",
        "type": "github"
      }
    },
    "gitHooks": {
      "inputs": {
        "flake-compat": [
          "flakeCompat"
        ],
        "gitignore": [
          "gitIgnore"
        ],
        "nixpkgs": [
          "nixPackages"
        ]
      },
      "locked": {
        "lastModified": 1742649964,
        "narHash": "sha256-DwOTp7nvfi8mRfuL1escHDXabVXFGT1VlPD1JHrtrco=",
        "owner": "cachix",
        "repo": "git-hooks.nix",
        "rev": "dcf5072734cb576d2b0c59b2ac44f5050b5eac82",
        "type": "github"
      },
      "original": {
        "owner": "cachix",
        "repo": "git-hooks.nix",
        "type": "github"
      }
    },
    "gitIgnore": {
      "inputs": {
        "nixpkgs": [
          "nixPackages"
        ]
      },
      "locked": {
        "lastModified": 1709087332,
        "narHash": "sha256-HG2cCnktfHsKV0s4XW83gU3F57gaTljL9KNSuG6bnQs=",
        "owner": "hercules-ci",
        "repo": "gitignore.nix",
        "rev": "637db329424fd7e46cf4185293b9cc8c88c95394",
        "type": "github"
      },
      "original": {
        "owner": "hercules-ci",
        "repo": "gitignore.nix",
        "type": "github"
      }
    },
    "githubActions": {
      "inputs": {
        "nixpkgs": [
          "nixPackages"
        ]
      },
      "locked": {
        "lastModified": 1737420293,
        "narHash": "sha256-F1G5ifvqTpJq7fdkT34e/Jy9VCyzd5XfJ9TO8fHhJWE=",
        "owner": "nix-community",
        "repo": "nix-github-actions",
        "rev": "f4158fa080ef4503c8f4c820967d946c2af31ec9",
        "type": "github"
      },
      "original": {
        "owner": "nix-community",
        "repo": "nix-github-actions",
        "type": "github"
      }
    },
    "nixLib": {
      "locked": {
        "lastModified": 1743296961,
        "narHash": "sha256-b1EdN3cULCqtorQ4QeWgLMrd5ZGOjLSLemfa00heasc=",
        "owner": "nix-community",
        "repo": "nixpkgs.lib",
        "rev": "e4822aea2a6d1cdd36653c134cacfd64c97ff4fa",
        "type": "github"
      },
      "original": {
        "owner": "nix-community",
        "repo": "nixpkgs.lib",
        "type": "github"
      }
    },
    "nixPackages": {
      "locked": {
        "lastModified": 1743095683,
        "narHash": "sha256-gWd4urRoLRe8GLVC/3rYRae1h+xfQzt09xOfb0PaHSk=",
        "owner": "NixOS",
        "repo": "nixpkgs",
        "rev": "5e5402ecbcb27af32284d4a62553c019a3a49ea6",
        "type": "github"
      },
      "original": {
        "id": "nixpkgs",
        "ref": "nixos-unstable",
        "type": "indirect"
      }
    },
    "nixPackagesStable": {
      "locked": {
        "lastModified": 1743501102,
        "narHash": "sha256-7PCBQ4aGVF8OrzMkzqtYSKyoQuU2jtpPi4lmABpe5X4=",
        "owner": "NixOS",
        "repo": "nixpkgs",
        "rev": "02f2af8c8a8c3b2c05028936a1e84daefa1171d4",
        "type": "github"
      },
      "original": {
        "id": "nixpkgs",
        "ref": "nixos-24.11",
        "type": "indirect"
      }
    },
    "nixUnitTesting": {
      "inputs": {
        "flake-parts": [
          "flakeParts"
        ],
        "nix-github-actions": [
          "githubActions"
        ],
        "nixpkgs": [
          "nixPackages"
        ],
        "treefmt-nix": [
          "treeFormatter"
        ]
      },
      "locked": {
        "lastModified": 1741624954,
        "narHash": "sha256-VjLS010BEfwuK343Dst08NnQNS8SRtVCDkz1zTsHuvI=",
        "owner": "nix-community",
        "repo": "nix-unit",
        "rev": "e9d81f6cffe67681e7c04a967d29f18c2c540af5",
        "type": "github"
      },
      "original": {
        "owner": "nix-community",
        "repo": "nix-unit",
        "type": "github"
      }
    },
    "nixosDarwin": {
      "inputs": {
        "nixpkgs": [
          "nixPackages"
        ]
      },
      "locked": {
        "lastModified": 1743350051,
        "narHash": "sha256-QtVfBQe5VBnRPP5ustegPlsTdV/SZzt8akOIN5Hlwjk=",
        "owner": "lnl7",
        "repo": "nix-darwin",
        "rev": "eaff8219d629bb86e71e3274e1b7915014e7fb22",
        "type": "github"
      },
      "original": {
        "owner": "lnl7",
        "repo": "nix-darwin",
        "type": "github"
      }
    },
    "nixosHardware": {
      "locked": {
        "lastModified": 1743167577,
        "narHash": "sha256-I09SrXIO0UdyBFfh0fxDq5WnCDg8XKmZ1HQbaXzMA1k=",
        "owner": "NixOS",
        "repo": "nixos-hardware",
        "rev": "0ed819e708af17bfc4bbc63ee080ef308a24aa42",
        "type": "github"
      },
      "original": {
        "owner": "NixOS",
        "repo": "nixos-hardware",
        "type": "github"
      }
    },
    "nixosHome": {
      "inputs": {
        "nixpkgs": [
          "nixPackages"
        ]
      },
      "locked": {
        "lastModified": 1743360001,
        "narHash": "sha256-HtpS/ZdgWXw0y+aFdORcX5RuBGTyz3WskThspNR70SM=",
        "owner": "nix-community",
        "repo": "home-manager",
        "rev": "b6fd653ef8fbeccfd4958650757e91767a65506d",
        "type": "github"
      },
      "original": {
        "owner": "nix-community",
        "repo": "home-manager",
        "type": "github"
      }
    },
    "nixosSystems": {
      "locked": {
        "lastModified": 1681028828,
        "narHash": "sha256-Vy1rq5AaRuLzOxct8nz4T6wlgyUR7zLU309k9mBC768=",
        "owner": "nix-systems",
        "repo": "default",
        "rev": "da67096a3b9bf56a91d16901293e51ba5b49a27e",
        "type": "github"
      },
      "original": {
        "owner": "nix-systems",
        "repo": "default",
        "type": "github"
      }
    },
    "nixosWSL": {
      "inputs": {
        "flake-compat": [
          "flakeCompat"
        ],
        "nixpkgs": [
          "nixPackages"
        ]
      },
      "locked": {
        "lastModified": 1743125458,
        "narHash": "sha256-0z+5AMacL2Eqo92fAd0eCWeKVecWrxPJwd5/BIfcdJ8=",
        "owner": "nix-community",
        "repo": "NixOS-WSL",
        "rev": "394c77f61ac76399290bfc2ef9d47b1fba31b215",
        "type": "github"
      },
      "original": {
        "owner": "nix-community",
        "repo": "NixOS-WSL",
        "type": "github"
      }
    },
    "root": {
      "inputs": {
        "configHosts": "configHosts",
        "configNixos": "configNixos",
        "developmentShell": "developmentShell",
        "flakeCompat": "flakeCompat",
        "flakeParts": "flakeParts",
        "flakeRoot": "flakeRoot",
        "gitHooks": "gitHooks",
        "gitIgnore": "gitIgnore",
        "githubActions": "githubActions",
        "nixLib": "nixLib",
        "nixPackages": "nixPackages",
        "nixPackagesStable": "nixPackagesStable",
        "nixUnitTesting": "nixUnitTesting",
        "nixosDarwin": "nixosDarwin",
        "nixosHardware": "nixosHardware",
        "nixosHome": "nixosHome",
        "nixosSystems": "nixosSystems",
        "nixosWSL": "nixosWSL",
        "secretKey": "secretKey",
        "secretManager": "secretManager",
        "secretShell": "secretShell",
        "templatesNixOS": "templatesNixOS",
        "templatesTheNixWay": "templatesTheNixWay",
        "treeFormatter": "treeFormatter"
      }
    },
    "secretKey": {
      "inputs": {
        "devshell": [
          "developmentShell"
        ],
        "flake-parts": [
          "flakeParts"
        ],
        "nixpkgs": [
          "nixPackages"
        ],
        "pre-commit-hooks": [
          "gitHooks"
        ],
        "treefmt-nix": [
          "treeFormatter"
        ]
      },
      "locked": {
        "lastModified": 1742656338,
        "narHash": "sha256-Vkg5dyXKwoAfEVlKPxbCbdTCF9sXmTySZBSL28Kcdmo=",
        "owner": "oddlama",
        "repo": "agenix-rekey",
        "rev": "b677dbe0d675c68a19dedbc771aff22de76b11ea",
        "type": "github"
      },
      "original": {
        "owner": "oddlama",
        "repo": "agenix-rekey",
        "type": "github"
      }
    },
    "secretManager": {
      "inputs": {
        "darwin": [
          "nixosDarwin"
        ],
        "home-manager": [
          "nixosHome"
        ],
        "nixpkgs": [
          "nixPackages"
        ],
        "systems": [
          "nixosSystems"
        ]
      },
      "locked": {
        "lastModified": 1736955230,
        "narHash": "sha256-uenf8fv2eG5bKM8C/UvFaiJMZ4IpUFaQxk9OH5t/1gA=",
        "owner": "ryantm",
        "repo": "agenix",
        "rev": "e600439ec4c273cf11e06fe4d9d906fb98fa097c",
        "type": "github"
      },
      "original": {
        "owner": "ryantm",
        "repo": "agenix",
        "type": "github"
      }
    },
    "secretShell": {
      "inputs": {
        "flake-parts": [
          "flakeParts"
        ],
        "flake-root": [
          "flakeRoot"
        ],
        "git-hooks-nix": [
          "gitHooks"
        ],
        "nix-github-actions": [
          "githubActions"
        ],
        "nixpkgs": [
          "nixPackages"
        ],
        "treefmt-nix": [
          "treeFormatter"
        ]
      },
      "locked": {
        "lastModified": 1743322435,
        "narHash": "sha256-olCWG1CNm3qfc296IpPy/bq/I7goNplBqMl4jIoOW6c=",
        "owner": "aciceri",
        "repo": "agenix-shell",
        "rev": "19b35e55b4f33cf1527affc7f91aece1c6dea3f9",
        "type": "github"
      },
      "original": {
        "owner": "aciceri",
        "repo": "agenix-shell",
        "type": "github"
      }
    },
    "templatesNixOS": {
      "locked": {
        "lastModified": 1725249436,
        "narHash": "sha256-qqKaxlPv+6Fyj+NUuOLPOlD82caqDkmpw63qOQkIzzc=",
        "owner": "NixOS",
        "repo": "templates",
        "rev": "ad0e221dda33c4b564fad976281130ce34a20cb9",
        "type": "github"
      },
      "original": {
        "owner": "NixOS",
        "repo": "templates",
        "type": "github"
      }
    },
    "templatesTheNixWay": {
      "inputs": {
        "nixpkgs": [
          "nixPackages"
        ]
      },
      "locked": {
        "lastModified": 1740648445,
        "narHash": "sha256-jmtCIKpHYlGEzJ1xQWEjpSAPk0uGrGi7kjC/oTiP+HU=",
        "owner": "the-nix-way",
        "repo": "dev-templates",
        "rev": "54c112d5640d910ac7d5bc4ab30b3ef06ba6b5b0",
        "type": "github"
      },
      "original": {
        "owner": "the-nix-way",
        "repo": "dev-templates",
        "type": "github"
      }
    },
    "treeFormatter": {
      "inputs": {
        "nixpkgs": [
          "nixPackages"
        ]
      },
      "locked": {
        "lastModified": 1743081648,
        "narHash": "sha256-WRAylyYptt6OX5eCEBWyTwOEqEtD6zt33rlUkr6u3cE=",
        "owner": "numtide",
        "repo": "treefmt-nix",
        "rev": "29a3d7b768c70addce17af0869f6e2bd8f5be4b7",
        "type": "github"
      },
      "original": {
        "owner": "numtide",
        "repo": "treefmt-nix",
        "type": "github"
      }
    }
  },
  "root": "root",
  "version": 7
}
